// !$*UTF8*$!
{
	archiveVersion = 1;
	classes = {
	};
	objectVersion = 55;
	objects = {

/* Begin PBXBuildFile section */
		055B883927087D8300615827 /* Team.swift in Sources */ = {isa = PBXBuildFile; fileRef = 055B883827087D8300615827 /* Team.swift */; };
		055B883B27087DC800615827 /* Country.swift in Sources */ = {isa = PBXBuildFile; fileRef = 055B883A27087DC800615827 /* Country.swift */; };
		055B883D27087EC500615827 /* TeamService.swift in Sources */ = {isa = PBXBuildFile; fileRef = 055B883C27087EC500615827 /* TeamService.swift */; };
		055B883F2708846600615827 /* ImageService.swift in Sources */ = {isa = PBXBuildFile; fileRef = 055B883E2708846600615827 /* ImageService.swift */; };
		055B88412708863600615827 /* RemoteImageURL.swift in Sources */ = {isa = PBXBuildFile; fileRef = 055B88402708863600615827 /* RemoteImageURL.swift */; };
		055B884827088BB700615827 /* ImageViewContainer.swift in Sources */ = {isa = PBXBuildFile; fileRef = 055B884727088BB700615827 /* ImageViewContainer.swift */; };
		055B884A27088BFD00615827 /* ImageRow.swift in Sources */ = {isa = PBXBuildFile; fileRef = 055B884927088BFD00615827 /* ImageRow.swift */; };
		057887BC270730BA00D2BF7D /* Config.json in Resources */ = {isa = PBXBuildFile; fileRef = 057887BB270730BA00D2BF7D /* Config.json */; };
		057887C32707342700D2BF7D /* Data+Ext.swift in Sources */ = {isa = PBXBuildFile; fileRef = 057887C12707342700D2BF7D /* Data+Ext.swift */; };
		057887C42707342700D2BF7D /* URLSession+Ext.swift in Sources */ = {isa = PBXBuildFile; fileRef = 057887C22707342700D2BF7D /* URLSession+Ext.swift */; };
		057887C92707346C00D2BF7D /* Config.swift in Sources */ = {isa = PBXBuildFile; fileRef = 057887C82707346C00D2BF7D /* Config.swift */; };
		057887D02707348400D2BF7D /* BaseServiceProtocol.swift in Sources */ = {isa = PBXBuildFile; fileRef = 057887CA2707348400D2BF7D /* BaseServiceProtocol.swift */; };
		057887D12707348400D2BF7D /* SeasonService.swift in Sources */ = {isa = PBXBuildFile; fileRef = 057887CB2707348400D2BF7D /* SeasonService.swift */; };
		057887D22707348400D2BF7D /* StagesService.swift in Sources */ = {isa = PBXBuildFile; fileRef = 057887CC2707348400D2BF7D /* StagesService.swift */; };
		057887D32707348400D2BF7D /* ConfigService.swift in Sources */ = {isa = PBXBuildFile; fileRef = 057887CD2707348400D2BF7D /* ConfigService.swift */; };
		057887D42707348400D2BF7D /* LeagueService.swift in Sources */ = {isa = PBXBuildFile; fileRef = 057887CE2707348400D2BF7D /* LeagueService.swift */; };
		057887D52707348400D2BF7D /* CustomErrors.swift in Sources */ = {isa = PBXBuildFile; fileRef = 057887CF2707348400D2BF7D /* CustomErrors.swift */; };
		057887D82707349600D2BF7D /* Endpoint.swift in Sources */ = {isa = PBXBuildFile; fileRef = 057887D62707349600D2BF7D /* Endpoint.swift */; };
		057887D92707349600D2BF7D /* SportDataApi.swift in Sources */ = {isa = PBXBuildFile; fileRef = 057887D72707349600D2BF7D /* SportDataApi.swift */; };
		057887E0270735D500D2BF7D /* Season.swift in Sources */ = {isa = PBXBuildFile; fileRef = 057887DB270735D500D2BF7D /* Season.swift */; };
		057887E1270735D500D2BF7D /* Query.swift in Sources */ = {isa = PBXBuildFile; fileRef = 057887DC270735D500D2BF7D /* Query.swift */; };
		057887E2270735D500D2BF7D /* Stage.swift in Sources */ = {isa = PBXBuildFile; fileRef = 057887DD270735D500D2BF7D /* Stage.swift */; };
		057887E3270735D500D2BF7D /* League.swift in Sources */ = {isa = PBXBuildFile; fileRef = 057887DE270735D500D2BF7D /* League.swift */; };
		057887E4270735D500D2BF7D /* ApiResult.swift in Sources */ = {isa = PBXBuildFile; fileRef = 057887DF270735D500D2BF7D /* ApiResult.swift */; };
		05794AA5270727A8006CEEF5 /* BRSoccerApp.swift in Sources */ = {isa = PBXBuildFile; fileRef = 05794AA4270727A8006CEEF5 /* BRSoccerApp.swift */; };
		05794AA7270727A8006CEEF5 /* ContentView.swift in Sources */ = {isa = PBXBuildFile; fileRef = 05794AA6270727A8006CEEF5 /* ContentView.swift */; };
		05794AA9270727AD006CEEF5 /* Assets.xcassets in Resources */ = {isa = PBXBuildFile; fileRef = 05794AA8270727AD006CEEF5 /* Assets.xcassets */; };
		05794AAC270727AD006CEEF5 /* Preview Assets.xcassets in Resources */ = {isa = PBXBuildFile; fileRef = 05794AAB270727AD006CEEF5 /* Preview Assets.xcassets */; };
		05794AB6270727AE006CEEF5 /* BRSoccerTests.swift in Sources */ = {isa = PBXBuildFile; fileRef = 05794AB5270727AE006CEEF5 /* BRSoccerTests.swift */; };
		05794AC0270727AE006CEEF5 /* BRSoccerUITests.swift in Sources */ = {isa = PBXBuildFile; fileRef = 05794ABF270727AE006CEEF5 /* BRSoccerUITests.swift */; };
		05794AC2270727AE006CEEF5 /* BRSoccerUITestsLaunchTests.swift in Sources */ = {isa = PBXBuildFile; fileRef = 05794AC1270727AE006CEEF5 /* BRSoccerUITestsLaunchTests.swift */; };
/* End PBXBuildFile section */

/* Begin PBXContainerItemProxy section */
		05794AB2270727AE006CEEF5 /* PBXContainerItemProxy */ = {
			isa = PBXContainerItemProxy;
			containerPortal = 05794A99270727A8006CEEF5 /* Project object */;
			proxyType = 1;
			remoteGlobalIDString = 05794AA0270727A8006CEEF5;
			remoteInfo = BRSoccer;
		};
		05794ABC270727AE006CEEF5 /* PBXContainerItemProxy */ = {
			isa = PBXContainerItemProxy;
			containerPortal = 05794A99270727A8006CEEF5 /* Project object */;
			proxyType = 1;
			remoteGlobalIDString = 05794AA0270727A8006CEEF5;
			remoteInfo = BRSoccer;
		};
/* End PBXContainerItemProxy section */

/* Begin PBXFileReference section */
		055B883827087D8300615827 /* Team.swift */ = {isa = PBXFileReference; lastKnownFileType = sourcecode.swift; path = Team.swift; sourceTree = "<group>"; };
		055B883A27087DC800615827 /* Country.swift */ = {isa = PBXFileReference; lastKnownFileType = sourcecode.swift; path = Country.swift; sourceTree = "<group>"; };
		055B883C27087EC500615827 /* TeamService.swift */ = {isa = PBXFileReference; lastKnownFileType = sourcecode.swift; path = TeamService.swift; sourceTree = "<group>"; };
		055B883E2708846600615827 /* ImageService.swift */ = {isa = PBXFileReference; lastKnownFileType = sourcecode.swift; path = ImageService.swift; sourceTree = "<group>"; };
		055B88402708863600615827 /* RemoteImageURL.swift */ = {isa = PBXFileReference; lastKnownFileType = sourcecode.swift; path = RemoteImageURL.swift; sourceTree = "<group>"; };
		055B884727088BB700615827 /* ImageViewContainer.swift */ = {isa = PBXFileReference; lastKnownFileType = sourcecode.swift; path = ImageViewContainer.swift; sourceTree = "<group>"; };
		055B884927088BFD00615827 /* ImageRow.swift */ = {isa = PBXFileReference; lastKnownFileType = sourcecode.swift; path = ImageRow.swift; sourceTree = "<group>"; };
		057887BB270730BA00D2BF7D /* Config.json */ = {isa = PBXFileReference; fileEncoding = 4; lastKnownFileType = text.json; path = Config.json; sourceTree = "<group>"; };
		057887C12707342700D2BF7D /* Data+Ext.swift */ = {isa = PBXFileReference; fileEncoding = 4; lastKnownFileType = sourcecode.swift; path = "Data+Ext.swift"; sourceTree = "<group>"; };
		057887C22707342700D2BF7D /* URLSession+Ext.swift */ = {isa = PBXFileReference; fileEncoding = 4; lastKnownFileType = sourcecode.swift; path = "URLSession+Ext.swift"; sourceTree = "<group>"; };
		057887C82707346C00D2BF7D /* Config.swift */ = {isa = PBXFileReference; fileEncoding = 4; lastKnownFileType = sourcecode.swift; path = Config.swift; sourceTree = "<group>"; };
		057887CA2707348400D2BF7D /* BaseServiceProtocol.swift */ = {isa = PBXFileReference; fileEncoding = 4; lastKnownFileType = sourcecode.swift; path = BaseServiceProtocol.swift; sourceTree = "<group>"; };
		057887CB2707348400D2BF7D /* SeasonService.swift */ = {isa = PBXFileReference; fileEncoding = 4; lastKnownFileType = sourcecode.swift; path = SeasonService.swift; sourceTree = "<group>"; };
		057887CC2707348400D2BF7D /* StagesService.swift */ = {isa = PBXFileReference; fileEncoding = 4; lastKnownFileType = sourcecode.swift; path = StagesService.swift; sourceTree = "<group>"; };
		057887CD2707348400D2BF7D /* ConfigService.swift */ = {isa = PBXFileReference; fileEncoding = 4; lastKnownFileType = sourcecode.swift; path = ConfigService.swift; sourceTree = "<group>"; };
		057887CE2707348400D2BF7D /* LeagueService.swift */ = {isa = PBXFileReference; fileEncoding = 4; lastKnownFileType = sourcecode.swift; path = LeagueService.swift; sourceTree = "<group>"; };
		057887CF2707348400D2BF7D /* CustomErrors.swift */ = {isa = PBXFileReference; fileEncoding = 4; lastKnownFileType = sourcecode.swift; path = CustomErrors.swift; sourceTree = "<group>"; };
		057887D62707349600D2BF7D /* Endpoint.swift */ = {isa = PBXFileReference; fileEncoding = 4; lastKnownFileType = sourcecode.swift; path = Endpoint.swift; sourceTree = "<group>"; };
		057887D72707349600D2BF7D /* SportDataApi.swift */ = {isa = PBXFileReference; fileEncoding = 4; lastKnownFileType = sourcecode.swift; path = SportDataApi.swift; sourceTree = "<group>"; };
		057887DB270735D500D2BF7D /* Season.swift */ = {isa = PBXFileReference; fileEncoding = 4; lastKnownFileType = sourcecode.swift; path = Season.swift; sourceTree = "<group>"; };
		057887DC270735D500D2BF7D /* Query.swift */ = {isa = PBXFileReference; fileEncoding = 4; lastKnownFileType = sourcecode.swift; path = Query.swift; sourceTree = "<group>"; };
		057887DD270735D500D2BF7D /* Stage.swift */ = {isa = PBXFileReference; fileEncoding = 4; lastKnownFileType = sourcecode.swift; path = Stage.swift; sourceTree = "<group>"; };
		057887DE270735D500D2BF7D /* League.swift */ = {isa = PBXFileReference; fileEncoding = 4; lastKnownFileType = sourcecode.swift; path = League.swift; sourceTree = "<group>"; };
		057887DF270735D500D2BF7D /* ApiResult.swift */ = {isa = PBXFileReference; fileEncoding = 4; lastKnownFileType = sourcecode.swift; path = ApiResult.swift; sourceTree = "<group>"; };
		05794AA1270727A8006CEEF5 /* BRSoccer.app */ = {isa = PBXFileReference; explicitFileType = wrapper.application; includeInIndex = 0; path = BRSoccer.app; sourceTree = BUILT_PRODUCTS_DIR; };
		05794AA4270727A8006CEEF5 /* BRSoccerApp.swift */ = {isa = PBXFileReference; lastKnownFileType = sourcecode.swift; path = BRSoccerApp.swift; sourceTree = "<group>"; };
		05794AA6270727A8006CEEF5 /* ContentView.swift */ = {isa = PBXFileReference; lastKnownFileType = sourcecode.swift; path = ContentView.swift; sourceTree = "<group>"; };
		05794AA8270727AD006CEEF5 /* Assets.xcassets */ = {isa = PBXFileReference; lastKnownFileType = folder.assetcatalog; path = Assets.xcassets; sourceTree = "<group>"; };
		05794AAB270727AD006CEEF5 /* Preview Assets.xcassets */ = {isa = PBXFileReference; lastKnownFileType = folder.assetcatalog; path = "Preview Assets.xcassets"; sourceTree = "<group>"; };
		05794AB1270727AE006CEEF5 /* BRSoccerTests.xctest */ = {isa = PBXFileReference; explicitFileType = wrapper.cfbundle; includeInIndex = 0; path = BRSoccerTests.xctest; sourceTree = BUILT_PRODUCTS_DIR; };
		05794AB5270727AE006CEEF5 /* BRSoccerTests.swift */ = {isa = PBXFileReference; lastKnownFileType = sourcecode.swift; path = BRSoccerTests.swift; sourceTree = "<group>"; };
		05794ABB270727AE006CEEF5 /* BRSoccerUITests.xctest */ = {isa = PBXFileReference; explicitFileType = wrapper.cfbundle; includeInIndex = 0; path = BRSoccerUITests.xctest; sourceTree = BUILT_PRODUCTS_DIR; };
		05794ABF270727AE006CEEF5 /* BRSoccerUITests.swift */ = {isa = PBXFileReference; lastKnownFileType = sourcecode.swift; path = BRSoccerUITests.swift; sourceTree = "<group>"; };
		05794AC1270727AE006CEEF5 /* BRSoccerUITestsLaunchTests.swift */ = {isa = PBXFileReference; lastKnownFileType = sourcecode.swift; path = BRSoccerUITestsLaunchTests.swift; sourceTree = "<group>"; };
/* End PBXFileReference section */

/* Begin PBXFrameworksBuildPhase section */
		05794A9E270727A8006CEEF5 /* Frameworks */ = {
			isa = PBXFrameworksBuildPhase;
			buildActionMask = 2147483647;
			files = (
			);
			runOnlyForDeploymentPostprocessing = 0;
		};
		05794AAE270727AE006CEEF5 /* Frameworks */ = {
			isa = PBXFrameworksBuildPhase;
			buildActionMask = 2147483647;
			files = (
			);
			runOnlyForDeploymentPostprocessing = 0;
		};
		05794AB8270727AE006CEEF5 /* Frameworks */ = {
			isa = PBXFrameworksBuildPhase;
			buildActionMask = 2147483647;
			files = (
			);
			runOnlyForDeploymentPostprocessing = 0;
		};
/* End PBXFrameworksBuildPhase section */

/* Begin PBXGroup section */
		055B8837270876BC00615827 /* ServiceProtocols */ = {
			isa = PBXGroup;
			children = (
				057887CA2707348400D2BF7D /* BaseServiceProtocol.swift */,
				055B883E2708846600615827 /* ImageService.swift */,
			);
			path = ServiceProtocols;
			sourceTree = "<group>";
		};
		055B88432708878C00615827 /* Helper */ = {
			isa = PBXGroup;
			children = (
				055B88402708863600615827 /* RemoteImageURL.swift */,
			);
			path = Helper;
			sourceTree = "<group>";
		};
		055B8844270887AD00615827 /* Screen */ = {
			isa = PBXGroup;
			children = (
				05794AA6270727A8006CEEF5 /* ContentView.swift */,
			);
			path = Screen;
			sourceTree = "<group>";
		};
		055B8845270887BD00615827 /* Views */ = {
			isa = PBXGroup;
			children = (
				055B884627088BA000615827 /* Image */,
			);
			path = Views;
			sourceTree = "<group>";
		};
		055B884627088BA000615827 /* Image */ = {
			isa = PBXGroup;
			children = (
				055B884727088BB700615827 /* ImageViewContainer.swift */,
				055B884927088BFD00615827 /* ImageRow.swift */,
			);
			path = Image;
			sourceTree = "<group>";
		};
		057887C02707340200D2BF7D /* Extensions */ = {
			isa = PBXGroup;
			children = (
				057887C52707343600D2BF7D /* Nework */,
				057887C12707342700D2BF7D /* Data+Ext.swift */,
				057887C22707342700D2BF7D /* URLSession+Ext.swift */,
			);
			path = Extensions;
			sourceTree = "<group>";
		};
		057887C52707343600D2BF7D /* Nework */ = {
			isa = PBXGroup;
			children = (
				057887DA270735C300D2BF7D /* Models */,
				057887C62707344000D2BF7D /* Service */,
				057887D62707349600D2BF7D /* Endpoint.swift */,
				057887D72707349600D2BF7D /* SportDataApi.swift */,
			);
			path = Nework;
			sourceTree = "<group>";
		};
		057887C62707344000D2BF7D /* Service */ = {
			isa = PBXGroup;
			children = (
				057887CD2707348400D2BF7D /* ConfigService.swift */,
				055B8837270876BC00615827 /* ServiceProtocols */,
				057887CF2707348400D2BF7D /* CustomErrors.swift */,
				057887CE2707348400D2BF7D /* LeagueService.swift */,
				057887CB2707348400D2BF7D /* SeasonService.swift */,
				057887CC2707348400D2BF7D /* StagesService.swift */,
				055B883C27087EC500615827 /* TeamService.swift */,
				057887C72707344A00D2BF7D /* Model */,
			);
			path = Service;
			sourceTree = "<group>";
		};
		057887C72707344A00D2BF7D /* Model */ = {
			isa = PBXGroup;
			children = (
				057887C82707346C00D2BF7D /* Config.swift */,
			);
			path = Model;
			sourceTree = "<group>";
		};
		057887DA270735C300D2BF7D /* Models */ = {
			isa = PBXGroup;
			children = (
				057887DF270735D500D2BF7D /* ApiResult.swift */,
				057887DE270735D500D2BF7D /* League.swift */,
				057887DC270735D500D2BF7D /* Query.swift */,
				057887DB270735D500D2BF7D /* Season.swift */,
				057887DD270735D500D2BF7D /* Stage.swift */,
				055B883827087D8300615827 /* Team.swift */,
				055B883A27087DC800615827 /* Country.swift */,
			);
			path = Models;
			sourceTree = "<group>";
		};
		05794A98270727A8006CEEF5 = {
			isa = PBXGroup;
			children = (
				05794AA3270727A8006CEEF5 /* BRSoccer */,
				05794AB4270727AE006CEEF5 /* BRSoccerTests */,
				05794ABE270727AE006CEEF5 /* BRSoccerUITests */,
				05794AA2270727A8006CEEF5 /* Products */,
			);
			sourceTree = "<group>";
		};
		05794AA2270727A8006CEEF5 /* Products */ = {
			isa = PBXGroup;
			children = (
				05794AA1270727A8006CEEF5 /* BRSoccer.app */,
				05794AB1270727AE006CEEF5 /* BRSoccerTests.xctest */,
				05794ABB270727AE006CEEF5 /* BRSoccerUITests.xctest */,
			);
			name = Products;
			sourceTree = "<group>";
		};
		05794AA3270727A8006CEEF5 /* BRSoccer */ = {
			isa = PBXGroup;
			children = (
				055B8845270887BD00615827 /* Views */,
				055B8844270887AD00615827 /* Screen */,
				055B88432708878C00615827 /* Helper */,
				057887C02707340200D2BF7D /* Extensions */,
				057887BB270730BA00D2BF7D /* Config.json */,
				05794AA4270727A8006CEEF5 /* BRSoccerApp.swift */,
				05794AA8270727AD006CEEF5 /* Assets.xcassets */,
				05794AAA270727AD006CEEF5 /* Preview Content */,
			);
			path = BRSoccer;
			sourceTree = "<group>";
		};
		05794AAA270727AD006CEEF5 /* Preview Content */ = {
			isa = PBXGroup;
			children = (
				05794AAB270727AD006CEEF5 /* Preview Assets.xcassets */,
			);
			path = "Preview Content";
			sourceTree = "<group>";
		};
		05794AB4270727AE006CEEF5 /* BRSoccerTests */ = {
			isa = PBXGroup;
			children = (
				05794AB5270727AE006CEEF5 /* BRSoccerTests.swift */,
			);
			path = BRSoccerTests;
			sourceTree = "<group>";
		};
		05794ABE270727AE006CEEF5 /* BRSoccerUITests */ = {
			isa = PBXGroup;
			children = (
				05794ABF270727AE006CEEF5 /* BRSoccerUITests.swift */,
				05794AC1270727AE006CEEF5 /* BRSoccerUITestsLaunchTests.swift */,
			);
			path = BRSoccerUITests;
			sourceTree = "<group>";
		};
/* End PBXGroup section */

/* Begin PBXNativeTarget section */
		05794AA0270727A8006CEEF5 /* BRSoccer */ = {
			isa = PBXNativeTarget;
			buildConfigurationList = 05794AC5270727AE006CEEF5 /* Build configuration list for PBXNativeTarget "BRSoccer" */;
			buildPhases = (
				05794A9D270727A8006CEEF5 /* Sources */,
				05794A9E270727A8006CEEF5 /* Frameworks */,
				05794A9F270727A8006CEEF5 /* Resources */,
			);
			buildRules = (
			);
			dependencies = (
			);
			name = BRSoccer;
			productName = BRSoccer;
			productReference = 05794AA1270727A8006CEEF5 /* BRSoccer.app */;
			productType = "com.apple.product-type.application";
		};
		05794AB0270727AE006CEEF5 /* BRSoccerTests */ = {
			isa = PBXNativeTarget;
			buildConfigurationList = 05794AC8270727AE006CEEF5 /* Build configuration list for PBXNativeTarget "BRSoccerTests" */;
			buildPhases = (
				05794AAD270727AE006CEEF5 /* Sources */,
				05794AAE270727AE006CEEF5 /* Frameworks */,
				05794AAF270727AE006CEEF5 /* Resources */,
			);
			buildRules = (
			);
			dependencies = (
				05794AB3270727AE006CEEF5 /* PBXTargetDependency */,
			);
			name = BRSoccerTests;
			productName = BRSoccerTests;
			productReference = 05794AB1270727AE006CEEF5 /* BRSoccerTests.xctest */;
			productType = "com.apple.product-type.bundle.unit-test";
		};
		05794ABA270727AE006CEEF5 /* BRSoccerUITests */ = {
			isa = PBXNativeTarget;
			buildConfigurationList = 05794ACB270727AE006CEEF5 /* Build configuration list for PBXNativeTarget "BRSoccerUITests" */;
			buildPhases = (
				05794AB7270727AE006CEEF5 /* Sources */,
				05794AB8270727AE006CEEF5 /* Frameworks */,
				05794AB9270727AE006CEEF5 /* Resources */,
			);
			buildRules = (
			);
			dependencies = (
				05794ABD270727AE006CEEF5 /* PBXTargetDependency */,
			);
			name = BRSoccerUITests;
			productName = BRSoccerUITests;
			productReference = 05794ABB270727AE006CEEF5 /* BRSoccerUITests.xctest */;
			productType = "com.apple.product-type.bundle.ui-testing";
		};
/* End PBXNativeTarget section */

/* Begin PBXProject section */
		05794A99270727A8006CEEF5 /* Project object */ = {
			isa = PBXProject;
			attributes = {
				BuildIndependentTargetsInParallel = 1;
				LastSwiftUpdateCheck = 1300;
				LastUpgradeCheck = 1300;
				TargetAttributes = {
					05794AA0270727A8006CEEF5 = {
						CreatedOnToolsVersion = 13.0;
					};
					05794AB0270727AE006CEEF5 = {
						CreatedOnToolsVersion = 13.0;
						TestTargetID = 05794AA0270727A8006CEEF5;
					};
					05794ABA270727AE006CEEF5 = {
						CreatedOnToolsVersion = 13.0;
						TestTargetID = 05794AA0270727A8006CEEF5;
					};
				};
			};
			buildConfigurationList = 05794A9C270727A8006CEEF5 /* Build configuration list for PBXProject "BRSoccer" */;
			compatibilityVersion = "Xcode 13.0";
			developmentRegion = en;
			hasScannedForEncodings = 0;
			knownRegions = (
				en,
				Base,
			);
			mainGroup = 05794A98270727A8006CEEF5;
			productRefGroup = 05794AA2270727A8006CEEF5 /* Products */;
			projectDirPath = "";
			projectRoot = "";
			targets = (
				05794AA0270727A8006CEEF5 /* BRSoccer */,
				05794AB0270727AE006CEEF5 /* BRSoccerTests */,
				05794ABA270727AE006CEEF5 /* BRSoccerUITests */,
			);
		};
/* End PBXProject section */

/* Begin PBXResourcesBuildPhase section */
		05794A9F270727A8006CEEF5 /* Resources */ = {
			isa = PBXResourcesBuildPhase;
			buildActionMask = 2147483647;
			files = (
				057887BC270730BA00D2BF7D /* Config.json in Resources */,
				05794AAC270727AD006CEEF5 /* Preview Assets.xcassets in Resources */,
				05794AA9270727AD006CEEF5 /* Assets.xcassets in Resources */,
			);
			runOnlyForDeploymentPostprocessing = 0;
		};
		05794AAF270727AE006CEEF5 /* Resources */ = {
			isa = PBXResourcesBuildPhase;
			buildActionMask = 2147483647;
			files = (
			);
			runOnlyForDeploymentPostprocessing = 0;
		};
		05794AB9270727AE006CEEF5 /* Resources */ = {
			isa = PBXResourcesBuildPhase;
			buildActionMask = 2147483647;
			files = (
			);
			runOnlyForDeploymentPostprocessing = 0;
		};
/* End PBXResourcesBuildPhase section */

/* Begin PBXSourcesBuildPhase section */
		05794A9D270727A8006CEEF5 /* Sources */ = {
			isa = PBXSourcesBuildPhase;
			buildActionMask = 2147483647;
			files = (
				057887D12707348400D2BF7D /* SeasonService.swift in Sources */,
				057887D02707348400D2BF7D /* BaseServiceProtocol.swift in Sources */,
				055B883927087D8300615827 /* Team.swift in Sources */,
				057887C32707342700D2BF7D /* Data+Ext.swift in Sources */,
				055B884827088BB700615827 /* ImageViewContainer.swift in Sources */,
				057887E4270735D500D2BF7D /* ApiResult.swift in Sources */,
				05794AA7270727A8006CEEF5 /* ContentView.swift in Sources */,
				057887C92707346C00D2BF7D /* Config.swift in Sources */,
				057887C42707342700D2BF7D /* URLSession+Ext.swift in Sources */,
				055B883B27087DC800615827 /* Country.swift in Sources */,
				055B884A27088BFD00615827 /* ImageRow.swift in Sources */,
				057887D42707348400D2BF7D /* LeagueService.swift in Sources */,
				055B883D27087EC500615827 /* TeamService.swift in Sources */,
				057887D92707349600D2BF7D /* SportDataApi.swift in Sources */,
				057887D32707348400D2BF7D /* ConfigService.swift in Sources */,
				057887D22707348400D2BF7D /* StagesService.swift in Sources */,
				055B88412708863600615827 /* RemoteImageURL.swift in Sources */,
				057887E2270735D500D2BF7D /* Stage.swift in Sources */,
				057887E1270735D500D2BF7D /* Query.swift in Sources */,
				057887D52707348400D2BF7D /* CustomErrors.swift in Sources */,
				057887D82707349600D2BF7D /* Endpoint.swift in Sources */,
				057887E3270735D500D2BF7D /* League.swift in Sources */,
				055B883F2708846600615827 /* ImageService.swift in Sources */,
				057887E0270735D500D2BF7D /* Season.swift in Sources */,
				05794AA5270727A8006CEEF5 /* BRSoccerApp.swift in Sources */,
			);
			runOnlyForDeploymentPostprocessing = 0;
		};
		05794AAD270727AE006CEEF5 /* Sources */ = {
			isa = PBXSourcesBuildPhase;
			buildActionMask = 2147483647;
			files = (
				05794AB6270727AE006CEEF5 /* BRSoccerTests.swift in Sources */,
			);
			runOnlyForDeploymentPostprocessing = 0;
		};
		05794AB7270727AE006CEEF5 /* Sources */ = {
			isa = PBXSourcesBuildPhase;
			buildActionMask = 2147483647;
			files = (
				05794AC2270727AE006CEEF5 /* BRSoccerUITestsLaunchTests.swift in Sources */,
				05794AC0270727AE006CEEF5 /* BRSoccerUITests.swift in Sources */,
			);
			runOnlyForDeploymentPostprocessing = 0;
		};
/* End PBXSourcesBuildPhase section */

/* Begin PBXTargetDependency section */
		05794AB3270727AE006CEEF5 /* PBXTargetDependency */ = {
			isa = PBXTargetDependency;
			target = 05794AA0270727A8006CEEF5 /* BRSoccer */;
			targetProxy = 05794AB2270727AE006CEEF5 /* PBXContainerItemProxy */;
		};
		05794ABD270727AE006CEEF5 /* PBXTargetDependency */ = {
			isa = PBXTargetDependency;
			target = 05794AA0270727A8006CEEF5 /* BRSoccer */;
			targetProxy = 05794ABC270727AE006CEEF5 /* PBXContainerItemProxy */;
		};
/* End PBXTargetDependency section */

/* Begin XCBuildConfiguration section */
		05794AC3270727AE006CEEF5 /* Debug */ = {
			isa = XCBuildConfiguration;
			buildSettings = {
				ALWAYS_SEARCH_USER_PATHS = NO;
				CLANG_ANALYZER_NONNULL = YES;
				CLANG_ANALYZER_NUMBER_OBJECT_CONVERSION = YES_AGGRESSIVE;
				CLANG_CXX_LANGUAGE_STANDARD = "gnu++17";
				CLANG_CXX_LIBRARY = "libc++";
				CLANG_ENABLE_MODULES = YES;
				CLANG_ENABLE_OBJC_ARC = YES;
				CLANG_ENABLE_OBJC_WEAK = YES;
				CLANG_WARN_BLOCK_CAPTURE_AUTORELEASING = YES;
				CLANG_WARN_BOOL_CONVERSION = YES;
				CLANG_WARN_COMMA = YES;
				CLANG_WARN_CONSTANT_CONVERSION = YES;
				CLANG_WARN_DEPRECATED_OBJC_IMPLEMENTATIONS = YES;
				CLANG_WARN_DIRECT_OBJC_ISA_USAGE = YES_ERROR;
				CLANG_WARN_DOCUMENTATION_COMMENTS = YES;
				CLANG_WARN_EMPTY_BODY = YES;
				CLANG_WARN_ENUM_CONVERSION = YES;
				CLANG_WARN_INFINITE_RECURSION = YES;
				CLANG_WARN_INT_CONVERSION = YES;
				CLANG_WARN_NON_LITERAL_NULL_CONVERSION = YES;
				CLANG_WARN_OBJC_IMPLICIT_RETAIN_SELF = YES;
				CLANG_WARN_OBJC_LITERAL_CONVERSION = YES;
				CLANG_WARN_OBJC_ROOT_CLASS = YES_ERROR;
				CLANG_WARN_QUOTED_INCLUDE_IN_FRAMEWORK_HEADER = YES;
				CLANG_WARN_RANGE_LOOP_ANALYSIS = YES;
				CLANG_WARN_STRICT_PROTOTYPES = YES;
				CLANG_WARN_SUSPICIOUS_MOVE = YES;
				CLANG_WARN_UNGUARDED_AVAILABILITY = YES_AGGRESSIVE;
				CLANG_WARN_UNREACHABLE_CODE = YES;
				CLANG_WARN__DUPLICATE_METHOD_MATCH = YES;
				COPY_PHASE_STRIP = NO;
				DEBUG_INFORMATION_FORMAT = dwarf;
				ENABLE_STRICT_OBJC_MSGSEND = YES;
				ENABLE_TESTABILITY = YES;
				GCC_C_LANGUAGE_STANDARD = gnu11;
				GCC_DYNAMIC_NO_PIC = NO;
				GCC_NO_COMMON_BLOCKS = YES;
				GCC_OPTIMIZATION_LEVEL = 0;
				GCC_PREPROCESSOR_DEFINITIONS = (
					"DEBUG=1",
					"$(inherited)",
				);
				GCC_WARN_64_TO_32_BIT_CONVERSION = YES;
				GCC_WARN_ABOUT_RETURN_TYPE = YES_ERROR;
				GCC_WARN_UNDECLARED_SELECTOR = YES;
				GCC_WARN_UNINITIALIZED_AUTOS = YES_AGGRESSIVE;
				GCC_WARN_UNUSED_FUNCTION = YES;
				GCC_WARN_UNUSED_VARIABLE = YES;
				IPHONEOS_DEPLOYMENT_TARGET = 15.0;
				MTL_ENABLE_DEBUG_INFO = INCLUDE_SOURCE;
				MTL_FAST_MATH = YES;
				ONLY_ACTIVE_ARCH = YES;
				SDKROOT = iphoneos;
				SWIFT_ACTIVE_COMPILATION_CONDITIONS = DEBUG;
				SWIFT_OPTIMIZATION_LEVEL = "-Onone";
			};
			name = Debug;
		};
		05794AC4270727AE006CEEF5 /* Release */ = {
			isa = XCBuildConfiguration;
			buildSettings = {
				ALWAYS_SEARCH_USER_PATHS = NO;
				CLANG_ANALYZER_NONNULL = YES;
				CLANG_ANALYZER_NUMBER_OBJECT_CONVERSION = YES_AGGRESSIVE;
				CLANG_CXX_LANGUAGE_STANDARD = "gnu++17";
				CLANG_CXX_LIBRARY = "libc++";
				CLANG_ENABLE_MODULES = YES;
				CLANG_ENABLE_OBJC_ARC = YES;
				CLANG_ENABLE_OBJC_WEAK = YES;
				CLANG_WARN_BLOCK_CAPTURE_AUTORELEASING = YES;
				CLANG_WARN_BOOL_CONVERSION = YES;
				CLANG_WARN_COMMA = YES;
				CLANG_WARN_CONSTANT_CONVERSION = YES;
				CLANG_WARN_DEPRECATED_OBJC_IMPLEMENTATIONS = YES;
				CLANG_WARN_DIRECT_OBJC_ISA_USAGE = YES_ERROR;
				CLANG_WARN_DOCUMENTATION_COMMENTS = YES;
				CLANG_WARN_EMPTY_BODY = YES;
				CLANG_WARN_ENUM_CONVERSION = YES;
				CLANG_WARN_INFINITE_RECURSION = YES;
				CLANG_WARN_INT_CONVERSION = YES;
				CLANG_WARN_NON_LITERAL_NULL_CONVERSION = YES;
				CLANG_WARN_OBJC_IMPLICIT_RETAIN_SELF = YES;
				CLANG_WARN_OBJC_LITERAL_CONVERSION = YES;
				CLANG_WARN_OBJC_ROOT_CLASS = YES_ERROR;
				CLANG_WARN_QUOTED_INCLUDE_IN_FRAMEWORK_HEADER = YES;
				CLANG_WARN_RANGE_LOOP_ANALYSIS = YES;
				CLANG_WARN_STRICT_PROTOTYPES = YES;
				CLANG_WARN_SUSPICIOUS_MOVE = YES;
				CLANG_WARN_UNGUARDED_AVAILABILITY = YES_AGGRESSIVE;
				CLANG_WARN_UNREACHABLE_CODE = YES;
				CLANG_WARN__DUPLICATE_METHOD_MATCH = YES;
				COPY_PHASE_STRIP = NO;
				DEBUG_INFORMATION_FORMAT = "dwarf-with-dsym";
				ENABLE_NS_ASSERTIONS = NO;
				ENABLE_STRICT_OBJC_MSGSEND = YES;
				GCC_C_LANGUAGE_STANDARD = gnu11;
				GCC_NO_COMMON_BLOCKS = YES;
				GCC_WARN_64_TO_32_BIT_CONVERSION = YES;
				GCC_WARN_ABOUT_RETURN_TYPE = YES_ERROR;
				GCC_WARN_UNDECLARED_SELECTOR = YES;
				GCC_WARN_UNINITIALIZED_AUTOS = YES_AGGRESSIVE;
				GCC_WARN_UNUSED_FUNCTION = YES;
				GCC_WARN_UNUSED_VARIABLE = YES;
				IPHONEOS_DEPLOYMENT_TARGET = 15.0;
				MTL_ENABLE_DEBUG_INFO = NO;
				MTL_FAST_MATH = YES;
				SDKROOT = iphoneos;
				SWIFT_COMPILATION_MODE = wholemodule;
				SWIFT_OPTIMIZATION_LEVEL = "-O";
				VALIDATE_PRODUCT = YES;
			};
			name = Release;
		};
		05794AC6270727AE006CEEF5 /* Debug */ = {
			isa = XCBuildConfiguration;
			buildSettings = {
				ASSETCATALOG_COMPILER_APPICON_NAME = AppIcon;
				ASSETCATALOG_COMPILER_GLOBAL_ACCENT_COLOR_NAME = AccentColor;
				CODE_SIGN_STYLE = Automatic;
				CURRENT_PROJECT_VERSION = 1;
				DEVELOPMENT_ASSET_PATHS = "\"BRSoccer/Preview Content\"";
				DEVELOPMENT_TEAM = ZLRHSN44X4;
				ENABLE_PREVIEWS = YES;
				GENERATE_INFOPLIST_FILE = YES;
				INFOPLIST_KEY_UIApplicationSceneManifest_Generation = YES;
				INFOPLIST_KEY_UIApplicationSupportsIndirectInputEvents = YES;
				INFOPLIST_KEY_UILaunchScreen_Generation = YES;
				INFOPLIST_KEY_UISupportedInterfaceOrientations_iPad = "UIInterfaceOrientationPortrait UIInterfaceOrientationPortraitUpsideDown UIInterfaceOrientationLandscapeLeft UIInterfaceOrientationLandscapeRight";
				INFOPLIST_KEY_UISupportedInterfaceOrientations_iPhone = "UIInterfaceOrientationPortrait UIInterfaceOrientationLandscapeLeft UIInterfaceOrientationLandscapeRight";
				IPHONEOS_DEPLOYMENT_TARGET = 14.0;
				LD_RUNPATH_SEARCH_PATHS = (
					"$(inherited)",
					"@executable_path/Frameworks",
				);
				MARKETING_VERSION = 1.0;
				PRODUCT_BUNDLE_IDENTIFIER = camargo.joao.com.br.BRSoccer;
				PRODUCT_NAME = "$(TARGET_NAME)";
				SWIFT_EMIT_LOC_STRINGS = YES;
				SWIFT_VERSION = 5.0;
				TARGETED_DEVICE_FAMILY = "1,2";
			};
			name = Debug;
		};
		05794AC7270727AE006CEEF5 /* Release */ = {
			isa = XCBuildConfiguration;
			buildSettings = {
				ASSETCATALOG_COMPILER_APPICON_NAME = AppIcon;
				ASSETCATALOG_COMPILER_GLOBAL_ACCENT_COLOR_NAME = AccentColor;
				CODE_SIGN_STYLE = Automatic;
				CURRENT_PROJECT_VERSION = 1;
				DEVELOPMENT_ASSET_PATHS = "\"BRSoccer/Preview Content\"";
				DEVELOPMENT_TEAM = ZLRHSN44X4;
				ENABLE_PREVIEWS = YES;
				GENERATE_INFOPLIST_FILE = YES;
				INFOPLIST_KEY_UIApplicationSceneManifest_Generation = YES;
				INFOPLIST_KEY_UIApplicationSupportsIndirectInputEvents = YES;
				INFOPLIST_KEY_UILaunchScreen_Generation = YES;
				INFOPLIST_KEY_UISupportedInterfaceOrientations_iPad = "UIInterfaceOrientationPortrait UIInterfaceOrientationPortraitUpsideDown UIInterfaceOrientationLandscapeLeft UIInterfaceOrientationLandscapeRight";
				INFOPLIST_KEY_UISupportedInterfaceOrientations_iPhone = "UIInterfaceOrientationPortrait UIInterfaceOrientationLandscapeLeft UIInterfaceOrientationLandscapeRight";
				IPHONEOS_DEPLOYMENT_TARGET = 14.0;
				LD_RUNPATH_SEARCH_PATHS = (
					"$(inherited)",
					"@executable_path/Frameworks",
				);
				MARKETING_VERSION = 1.0;
				PRODUCT_BUNDLE_IDENTIFIER = camargo.joao.com.br.BRSoccer;
				PRODUCT_NAME = "$(TARGET_NAME)";
				SWIFT_EMIT_LOC_STRINGS = YES;
				SWIFT_VERSION = 5.0;
				TARGETED_DEVICE_FAMILY = "1,2";
			};
			name = Release;
		};
		05794AC9270727AE006CEEF5 /* Debug */ = {
			isa = XCBuildConfiguration;
			buildSettings = {
				ALWAYS_EMBED_SWIFT_STANDARD_LIBRARIES = YES;
				BUNDLE_LOADER = "$(TEST_HOST)";
				CODE_SIGN_STYLE = Automatic;
				CURRENT_PROJECT_VERSION = 1;
				DEVELOPMENT_TEAM = ZLRHSN44X4;
				GENERATE_INFOPLIST_FILE = YES;
				IPHONEOS_DEPLOYMENT_TARGET = 14.0;
				LD_RUNPATH_SEARCH_PATHS = (
					"$(inherited)",
					"@executable_path/Frameworks",
					"@loader_path/Frameworks",
				);
				MARKETING_VERSION = 1.0;
				PRODUCT_BUNDLE_IDENTIFIER = camargo.joao.com.br.BRSoccerTests;
				PRODUCT_NAME = "$(TARGET_NAME)";
				SWIFT_EMIT_LOC_STRINGS = NO;
				SWIFT_VERSION = 5.0;
				TARGETED_DEVICE_FAMILY = "1,2";
				TEST_HOST = "$(BUILT_PRODUCTS_DIR)/BRSoccer.app/BRSoccer";
			};
			name = Debug;
		};
		05794ACA270727AE006CEEF5 /* Release */ = {
			isa = XCBuildConfiguration;
			buildSettings = {
				ALWAYS_EMBED_SWIFT_STANDARD_LIBRARIES = YES;
				BUNDLE_LOADER = "$(TEST_HOST)";
				CODE_SIGN_STYLE = Automatic;
				CURRENT_PROJECT_VERSION = 1;
				DEVELOPMENT_TEAM = ZLRHSN44X4;
				GENERATE_INFOPLIST_FILE = YES;
				IPHONEOS_DEPLOYMENT_TARGET = 14.0;
				LD_RUNPATH_SEARCH_PATHS = (
					"$(inherited)",
					"@executable_path/Frameworks",
					"@loader_path/Frameworks",
				);
				MARKETING_VERSION = 1.0;
				PRODUCT_BUNDLE_IDENTIFIER = camargo.joao.com.br.BRSoccerTests;
				PRODUCT_NAME = "$(TARGET_NAME)";
				SWIFT_EMIT_LOC_STRINGS = NO;
				SWIFT_VERSION = 5.0;
				TARGETED_DEVICE_FAMILY = "1,2";
				TEST_HOST = "$(BUILT_PRODUCTS_DIR)/BRSoccer.app/BRSoccer";
			};
			name = Release;
		};
		05794ACC270727AE006CEEF5 /* Debug */ = {
			isa = XCBuildConfiguration;
			buildSettings = {
				ALWAYS_EMBED_SWIFT_STANDARD_LIBRARIES = YES;
				CODE_SIGN_STYLE = Automatic;
				CURRENT_PROJECT_VERSION = 1;
				DEVELOPMENT_TEAM = ZLRHSN44X4;
				GENERATE_INFOPLIST_FILE = YES;
				LD_RUNPATH_SEARCH_PATHS = (
					"$(inherited)",
					"@executable_path/Frameworks",
					"@loader_path/Frameworks",
				);
				MARKETING_VERSION = 1.0;
				PRODUCT_BUNDLE_IDENTIFIER = camargo.joao.com.br.BRSoccerUITests;
				PRODUCT_NAME = "$(TARGET_NAME)";
				SWIFT_EMIT_LOC_STRINGS = NO;
				SWIFT_VERSION = 5.0;
				TARGETED_DEVICE_FAMILY = "1,2";
				TEST_TARGET_NAME = BRSoccer;
			};
			name = Debug;
		};
		05794ACD270727AE006CEEF5 /* Release */ = {
			isa = XCBuildConfiguration;
			buildSettings = {
				ALWAYS_EMBED_SWIFT_STANDARD_LIBRARIES = YES;
				CODE_SIGN_STYLE = Automatic;
				CURRENT_PROJECT_VERSION = 1;
				DEVELOPMENT_TEAM = ZLRHSN44X4;
				GENERATE_INFOPLIST_FILE = YES;
				LD_RUNPATH_SEARCH_PATHS = (
					"$(inherited)",
					"@executable_path/Frameworks",
					"@loader_path/Frameworks",
				);
				MARKETING_VERSION = 1.0;
				PRODUCT_BUNDLE_IDENTIFIER = camargo.joao.com.br.BRSoccerUITests;
				PRODUCT_NAME = "$(TARGET_NAME)";
				SWIFT_EMIT_LOC_STRINGS = NO;
				SWIFT_VERSION = 5.0;
				TARGETED_DEVICE_FAMILY = "1,2";
				TEST_TARGET_NAME = BRSoccer;
			};
			name = Release;
		};
/* End XCBuildConfiguration section */

/* Begin XCConfigurationList section */
		05794A9C270727A8006CEEF5 /* Build configuration list for PBXProject "BRSoccer" */ = {
			isa = XCConfigurationList;
			buildConfigurations = (
				05794AC3270727AE006CEEF5 /* Debug */,
				05794AC4270727AE006CEEF5 /* Release */,
			);
			defaultConfigurationIsVisible = 0;
			defaultConfigurationName = Release;
		};
		05794AC5270727AE006CEEF5 /* Build configuration list for PBXNativeTarget "BRSoccer" */ = {
			isa = XCConfigurationList;
			buildConfigurations = (
				05794AC6270727AE006CEEF5 /* Debug */,
				05794AC7270727AE006CEEF5 /* Release */,
			);
			defaultConfigurationIsVisible = 0;
			defaultConfigurationName = Release;
		};
		05794AC8270727AE006CEEF5 /* Build configuration list for PBXNativeTarget "BRSoccerTests" */ = {
			isa = XCConfigurationList;
			buildConfigurations = (
				05794AC9270727AE006CEEF5 /* Debug */,
				05794ACA270727AE006CEEF5 /* Release */,
			);
			defaultConfigurationIsVisible = 0;
			defaultConfigurationName = Release;
		};
		05794ACB270727AE006CEEF5 /* Build configuration list for PBXNativeTarget "BRSoccerUITests" */ = {
			isa = XCConfigurationList;
			buildConfigurations = (
				05794ACC270727AE006CEEF5 /* Debug */,
				05794ACD270727AE006CEEF5 /* Release */,
			);
			defaultConfigurationIsVisible = 0;
			defaultConfigurationName = Release;
		};
/* End XCConfigurationList section */
	};
	rootObject = 05794A99270727A8006CEEF5 /* Project object */;
}
